
Microsoft Visual Studio Solution File, Format Version 12.00
# Visual Studio Version 17
VisualStudioVersion = 17.3.32929.385
MinimumVisualStudioVersion = 10.0.40219.1
Project("{9A19103F-16F7-4668-BE54-9A1E7A4F7556}") = "EasyLevel", "EasyLevel\EasyLevel.csproj", "{0ECFFFCF-13D6-406B-AEB4-BD13E4227605}"
EndProject
Project("{FAE04EC0-301F-11D3-BF4B-00C04F79EFBC}") = "MediumLevel", "MediumLevel\MediumLevel.csproj", "{8D10B006-3645-4BF7-B1AD-F62E5CFC496B}"
EndProject
Project("{FAE04EC0-301F-11D3-BF4B-00C04F79EFBC}") = "EasyLevelHelpingLogic", "EasyLevelHelpingLogic\EasyLevelHelpingLogic.csproj", "{F5682DEC-CE9A-4FE0-B610-04058803038D}"
EndProject
Global
	GlobalSection(SolutionConfigurationPlatforms) = preSolution
		Debug|Any CPU = Debug|Any CPU
		Release|Any CPU = Release|Any CPU
	EndGlobalSection
	GlobalSection(ProjectConfigurationPlatforms) = postSolution
		{0ECFFFCF-13D6-406B-AEB4-BD13E4227605}.Debug|Any CPU.ActiveCfg = Debug|Any CPU
		{0ECFFFCF-13D6-406B-AEB4-BD13E4227605}.Debug|Any CPU.Build.0 = Debug|Any CPU
		{0ECFFFCF-13D6-406B-AEB4-BD13E4227605}.Release|Any CPU.ActiveCfg = Release|Any CPU
		{0ECFFFCF-13D6-406B-AEB4-BD13E4227605}.Release|Any CPU.Build.0 = Release|Any CPU
		{8D10B006-3645-4BF7-B1AD-F62E5CFC496B}.Debug|Any CPU.ActiveCfg = Debug|Any CPU
		{8D10B006-3645-4BF7-B1AD-F62E5CFC496B}.Debug|Any CPU.Build.0 = Debug|Any CPU
		{8D10B006-3645-4BF7-B1AD-F62E5CFC496B}.Release|Any CPU.ActiveCfg = Release|Any CPU
		{8D10B006-3645-4BF7-B1AD-F62E5CFC496B}.Release|Any CPU.Build.0 = Release|Any CPU
		{F5682DEC-CE9A-4FE0-B610-04058803038D}.Debug|Any CPU.ActiveCfg = Debug|Any CPU
		{F5682DEC-CE9A-4FE0-B610-04058803038D}.Debug|Any CPU.Build.0 = Debug|Any CPU
		{F5682DEC-CE9A-4FE0-B610-04058803038D}.Release|Any CPU.ActiveCfg = Release|Any CPU
		{F5682DEC-CE9A-4FE0-B610-04058803038D}.Release|Any CPU.Build.0 = Release|Any CPU
	EndGlobalSection
	GlobalSection(SolutionProperties) = preSolution
		HideSolutionNode = FALSE
	EndGlobalSection
	GlobalSection(ExtensibilityGlobals) = postSolution
		SolutionGuid = {DE291B01-3063-4568-B95F-890AA3C4CD89}
	EndGlobalSection
EndGlobal
